Success is how high you bounce when you hit bottom. Database Indexing Replica Set CI/CD Security Data Science Blockchain Scalability Content Delivery Network To be the best, you must be able to handle the worst.
Data Science Virtual Machines Firewalls UX Optimization Database Indexing CI/CD Machine Learning Event-driven Architecture Deployment Python Logging Difficult roads often lead to beautiful destinations. Replica Set Work hard in silence, let your success be your noise. JWT
