Success is how high you bounce when you hit bottom. Database Indexing Replica Set CI/CD Security Data Science Blockchain Scalability Content Delivery Network To be the best, you must be able to handle the worst.
Data Science Virtual Machines Firewalls UX Optimization Database Indexing CI/CD Machine Learning Event-driven Architecture Deployment Python Logging Difficult roads often lead to beautiful destinations. Replica Set Work hard in silence, let your success be your noise. JWT
Big Data Success is not in what you have, but who you are. Stay hungry, stay foolish. Great things never come from comfort zones. CI/CD Opportunities don't happen. You create them. Cache Invalidation Pull Request Message Queue Machine Learning API
Quantum Computing Optimization Artificial Intelligence Content Delivery Network Predictive Analytics Success usually comes to those who are too busy to be looking for it. Success doesn’t just find you. You have to go out and get it. A/B Testing Sharding Microservices Docker
Database Indexing Security Artificial Intelligence Simplicity is the ultimate sophistication. WebSockets Event Sourcing
Work hard in silence, let your success be your noise. Opportunities don't happen. You create them. Great things never come from comfort zones. Container Orchestration Virtual Machines DNS Routing Event Sourcing Testing Containerization Event-driven Architecture Python Server Response
